
Microsoft Visual Studio Solution File, Format Version 12.00
# Visual Studio Version 17
VisualStudioVersion = 17.4.33213.308
MinimumVisualStudioVersion = 10.0.40219.1
Project("{2150E333-8FDC-42A3-9474-1A3956D46DE8}") = "ApiGateways", "ApiGateways", "{063088F0-0AD7-403A-A081-74B81614483B}"
EndProject
Project("{9A19103F-16F7-4668-BE54-9A1E7A4F7556}") = "Tcc.Web.ApiGateways", "ApiGateways\Tcc.Web.ApiGateways\Tcc.Web.ApiGateways.csproj", "{58A6EED8-0C90-4183-B612-81FFBE32B179}"
EndProject
Project("{2150E333-8FDC-42A3-9474-1A3956D46DE8}") = "Services", "Services", "{9CF90BCA-E384-4E73-A74D-E479C4F8FBC8}"
EndProject
Project("{2150E333-8FDC-42A3-9474-1A3956D46DE8}") = "Identity", "Identity", "{C3AF16D9-05A2-44B7-944D-BCF4F4B1BC51}"
EndProject
Project("{9A19103F-16F7-4668-BE54-9A1E7A4F7556}") = "Identity.Api", "Services\Identity\Identity.Api\Identity.Api.csproj", "{1622DA81-CD66-4692-81BD-AB6873CD9E30}"
EndProject
Project("{9A19103F-16F7-4668-BE54-9A1E7A4F7556}") = "Identity.FunctionalTests", "Services\Identity\Identity.FunctionalTests\Identity.FunctionalTests.csproj", "{21A6C4FB-1E63-4FF6-AD3E-BA1E847639F8}"
EndProject
Project("{9A19103F-16F7-4668-BE54-9A1E7A4F7556}") = "Identity.UnitTests", "Services\Identity\Identity.UnitTests\Identity.UnitTests.csproj", "{EA932813-6CCB-4A98-BF5C-3AC49601AC9D}"
EndProject
Project("{E53339B2-1760-4266-BCC7-CA923CBCF16C}") = "docker-compose", "docker-compose.dcproj", "{F7BACF3F-EB10-43B6-99CD-FEA68888ADEB}"
EndProject
Project("{2150E333-8FDC-42A3-9474-1A3956D46DE8}") = "Infrastructure", "Infrastructure", "{F4CDDB28-E5C5-48C5-BF1D-227307015AAB}"
EndProject
Project("{FAE04EC0-301F-11D3-BF4B-00C04F79EFBC}") = "Tcc.Core", "Infrastructure\Tcc.Core\Tcc.Core.csproj", "{B498D7C9-A3A8-429C-9C21-B840D61DADCA}"
EndProject
Global
	GlobalSection(SolutionConfigurationPlatforms) = preSolution
		Debug|Any CPU = Debug|Any CPU
		Release|Any CPU = Release|Any CPU
	EndGlobalSection
	GlobalSection(ProjectConfigurationPlatforms) = postSolution
		{58A6EED8-0C90-4183-B612-81FFBE32B179}.Debug|Any CPU.ActiveCfg = Debug|Any CPU
		{58A6EED8-0C90-4183-B612-81FFBE32B179}.Debug|Any CPU.Build.0 = Debug|Any CPU
		{58A6EED8-0C90-4183-B612-81FFBE32B179}.Release|Any CPU.ActiveCfg = Release|Any CPU
		{58A6EED8-0C90-4183-B612-81FFBE32B179}.Release|Any CPU.Build.0 = Release|Any CPU
		{1622DA81-CD66-4692-81BD-AB6873CD9E30}.Debug|Any CPU.ActiveCfg = Debug|Any CPU
		{1622DA81-CD66-4692-81BD-AB6873CD9E30}.Debug|Any CPU.Build.0 = Debug|Any CPU
		{1622DA81-CD66-4692-81BD-AB6873CD9E30}.Release|Any CPU.ActiveCfg = Release|Any CPU
		{1622DA81-CD66-4692-81BD-AB6873CD9E30}.Release|Any CPU.Build.0 = Release|Any CPU
		{21A6C4FB-1E63-4FF6-AD3E-BA1E847639F8}.Debug|Any CPU.ActiveCfg = Debug|Any CPU
		{21A6C4FB-1E63-4FF6-AD3E-BA1E847639F8}.Debug|Any CPU.Build.0 = Debug|Any CPU
		{21A6C4FB-1E63-4FF6-AD3E-BA1E847639F8}.Release|Any CPU.ActiveCfg = Release|Any CPU
		{21A6C4FB-1E63-4FF6-AD3E-BA1E847639F8}.Release|Any CPU.Build.0 = Release|Any CPU
		{EA932813-6CCB-4A98-BF5C-3AC49601AC9D}.Debug|Any CPU.ActiveCfg = Debug|Any CPU
		{EA932813-6CCB-4A98-BF5C-3AC49601AC9D}.Debug|Any CPU.Build.0 = Debug|Any CPU
		{EA932813-6CCB-4A98-BF5C-3AC49601AC9D}.Release|Any CPU.ActiveCfg = Release|Any CPU
		{EA932813-6CCB-4A98-BF5C-3AC49601AC9D}.Release|Any CPU.Build.0 = Release|Any CPU
		{F7BACF3F-EB10-43B6-99CD-FEA68888ADEB}.Debug|Any CPU.ActiveCfg = Debug|Any CPU
		{F7BACF3F-EB10-43B6-99CD-FEA68888ADEB}.Debug|Any CPU.Build.0 = Debug|Any CPU
		{F7BACF3F-EB10-43B6-99CD-FEA68888ADEB}.Release|Any CPU.ActiveCfg = Release|Any CPU
		{F7BACF3F-EB10-43B6-99CD-FEA68888ADEB}.Release|Any CPU.Build.0 = Release|Any CPU
		{B498D7C9-A3A8-429C-9C21-B840D61DADCA}.Debug|Any CPU.ActiveCfg = Debug|Any CPU
		{B498D7C9-A3A8-429C-9C21-B840D61DADCA}.Debug|Any CPU.Build.0 = Debug|Any CPU
		{B498D7C9-A3A8-429C-9C21-B840D61DADCA}.Release|Any CPU.ActiveCfg = Release|Any CPU
		{B498D7C9-A3A8-429C-9C21-B840D61DADCA}.Release|Any CPU.Build.0 = Release|Any CPU
	EndGlobalSection
	GlobalSection(SolutionProperties) = preSolution
		HideSolutionNode = FALSE
	EndGlobalSection
	GlobalSection(NestedProjects) = preSolution
		{58A6EED8-0C90-4183-B612-81FFBE32B179} = {063088F0-0AD7-403A-A081-74B81614483B}
		{C3AF16D9-05A2-44B7-944D-BCF4F4B1BC51} = {9CF90BCA-E384-4E73-A74D-E479C4F8FBC8}
		{1622DA81-CD66-4692-81BD-AB6873CD9E30} = {C3AF16D9-05A2-44B7-944D-BCF4F4B1BC51}
		{21A6C4FB-1E63-4FF6-AD3E-BA1E847639F8} = {C3AF16D9-05A2-44B7-944D-BCF4F4B1BC51}
		{EA932813-6CCB-4A98-BF5C-3AC49601AC9D} = {C3AF16D9-05A2-44B7-944D-BCF4F4B1BC51}
		{B498D7C9-A3A8-429C-9C21-B840D61DADCA} = {F4CDDB28-E5C5-48C5-BF1D-227307015AAB}
	EndGlobalSection
	GlobalSection(ExtensibilityGlobals) = postSolution
		SolutionGuid = {3DA123F7-B9A6-4405-847C-3A3026898FA8}
	EndGlobalSection
EndGlobal
